
Microsoft Visual Studio Solution File, Format Version 12.00
# Visual Studio Version 16
VisualStudioVersion = 16.0.31729.503
MinimumVisualStudioVersion = 10.0.40219.1
Project("{9A19103F-16F7-4668-BE54-9A1E7A4F7556}") = "MTCG", "MTCG\MTCG.csproj", "{05E36038-6F9A-4ECE-BAA9-673725A37100}"
EndProject
Project("{9A19103F-16F7-4668-BE54-9A1E7A4F7556}") = "ServerModule", "DZ.ServerModule\ServerModule.csproj", "{9AF1E92D-8637-4448-9319-16767B465B26}"
EndProject
Project("{2150E333-8FDC-42A3-9474-1A3956D46DE8}") = "DZ", "DZ", "{3EC32BDB-1D78-4C41-9ED5-3D6DDB705507}"
EndProject
Project("{9A19103F-16F7-4668-BE54-9A1E7A4F7556}") = "Data", "Data\Data.csproj", "{ECDA5E51-4271-403B-8C37-4E99F0785DC2}"
EndProject
Project("{2150E333-8FDC-42A3-9474-1A3956D46DE8}") = "Game", "Game", "{11C7D8E4-D92B-418A-8594-7EF867A1CDCF}"
EndProject
Project("{9A19103F-16F7-4668-BE54-9A1E7A4F7556}") = "Mechanism", "Mechanism\Mechanism.csproj", "{CA74617E-8747-42BD-A14B-C075B1C394AD}"
EndProject
Project("{9A19103F-16F7-4668-BE54-9A1E7A4F7556}") = "BusinessLogic", "BusinessLogic\BusinessLogic.csproj", "{232FEB80-8318-43D3-8BFB-3431F8D70900}"
EndProject
Project("{9A19103F-16F7-4668-BE54-9A1E7A4F7556}") = "DatabaseModule", "DatabaseModule\DatabaseModule.csproj", "{E63EB76B-9856-4089-871D-A767EF3107F7}"
EndProject
Global
	GlobalSection(SolutionConfigurationPlatforms) = preSolution
		Debug|Any CPU = Debug|Any CPU
		Release|Any CPU = Release|Any CPU
	EndGlobalSection
	GlobalSection(ProjectConfigurationPlatforms) = postSolution
		{05E36038-6F9A-4ECE-BAA9-673725A37100}.Debug|Any CPU.ActiveCfg = Debug|Any CPU
		{05E36038-6F9A-4ECE-BAA9-673725A37100}.Debug|Any CPU.Build.0 = Debug|Any CPU
		{05E36038-6F9A-4ECE-BAA9-673725A37100}.Release|Any CPU.ActiveCfg = Release|Any CPU
		{05E36038-6F9A-4ECE-BAA9-673725A37100}.Release|Any CPU.Build.0 = Release|Any CPU
		{9AF1E92D-8637-4448-9319-16767B465B26}.Debug|Any CPU.ActiveCfg = Debug|Any CPU
		{9AF1E92D-8637-4448-9319-16767B465B26}.Debug|Any CPU.Build.0 = Debug|Any CPU
		{9AF1E92D-8637-4448-9319-16767B465B26}.Release|Any CPU.ActiveCfg = Release|Any CPU
		{9AF1E92D-8637-4448-9319-16767B465B26}.Release|Any CPU.Build.0 = Release|Any CPU
		{ECDA5E51-4271-403B-8C37-4E99F0785DC2}.Debug|Any CPU.ActiveCfg = Debug|Any CPU
		{ECDA5E51-4271-403B-8C37-4E99F0785DC2}.Debug|Any CPU.Build.0 = Debug|Any CPU
		{ECDA5E51-4271-403B-8C37-4E99F0785DC2}.Release|Any CPU.ActiveCfg = Release|Any CPU
		{ECDA5E51-4271-403B-8C37-4E99F0785DC2}.Release|Any CPU.Build.0 = Release|Any CPU
		{CA74617E-8747-42BD-A14B-C075B1C394AD}.Debug|Any CPU.ActiveCfg = Debug|Any CPU
		{CA74617E-8747-42BD-A14B-C075B1C394AD}.Debug|Any CPU.Build.0 = Debug|Any CPU
		{CA74617E-8747-42BD-A14B-C075B1C394AD}.Release|Any CPU.ActiveCfg = Release|Any CPU
		{CA74617E-8747-42BD-A14B-C075B1C394AD}.Release|Any CPU.Build.0 = Release|Any CPU
		{232FEB80-8318-43D3-8BFB-3431F8D70900}.Debug|Any CPU.ActiveCfg = Debug|Any CPU
		{232FEB80-8318-43D3-8BFB-3431F8D70900}.Debug|Any CPU.Build.0 = Debug|Any CPU
		{232FEB80-8318-43D3-8BFB-3431F8D70900}.Release|Any CPU.ActiveCfg = Release|Any CPU
		{232FEB80-8318-43D3-8BFB-3431F8D70900}.Release|Any CPU.Build.0 = Release|Any CPU
		{E63EB76B-9856-4089-871D-A767EF3107F7}.Debug|Any CPU.ActiveCfg = Debug|Any CPU
		{E63EB76B-9856-4089-871D-A767EF3107F7}.Debug|Any CPU.Build.0 = Debug|Any CPU
		{E63EB76B-9856-4089-871D-A767EF3107F7}.Release|Any CPU.ActiveCfg = Release|Any CPU
		{E63EB76B-9856-4089-871D-A767EF3107F7}.Release|Any CPU.Build.0 = Release|Any CPU
	EndGlobalSection
	GlobalSection(SolutionProperties) = preSolution
		HideSolutionNode = FALSE
	EndGlobalSection
	GlobalSection(NestedProjects) = preSolution
		{9AF1E92D-8637-4448-9319-16767B465B26} = {3EC32BDB-1D78-4C41-9ED5-3D6DDB705507}
		{ECDA5E51-4271-403B-8C37-4E99F0785DC2} = {11C7D8E4-D92B-418A-8594-7EF867A1CDCF}
		{CA74617E-8747-42BD-A14B-C075B1C394AD} = {11C7D8E4-D92B-418A-8594-7EF867A1CDCF}
		{E63EB76B-9856-4089-871D-A767EF3107F7} = {3EC32BDB-1D78-4C41-9ED5-3D6DDB705507}
	EndGlobalSection
	GlobalSection(ExtensibilityGlobals) = postSolution
		SolutionGuid = {4A4D78DA-566E-4FA5-985D-0A294A41A0F7}
	EndGlobalSection
EndGlobal
